
Microsoft Visual Studio Solution File, Format Version 12.00
# Visual Studio 14
VisualStudioVersion = 14.0.24720.0
MinimumVisualStudioVersion = 10.0.40219.1
Project("{FAE04EC0-301F-11D3-BF4B-00C04F79EFBC}") = "CarouselPOC.iOS", "CarouselPOC\CarouselPOC.iOS\CarouselPOC.iOS.csproj", "{384B5CF8-8ED2-4A19-AE74-ADFBEF8209DC}"
EndProject
Project("{FAE04EC0-301F-11D3-BF4B-00C04F79EFBC}") = "CarouselPOC", "CarouselPOC\CarouselPOC\CarouselPOC.csproj", "{2E01CE6B-9073-444E-BC85-D9376203F2CA}"
EndProject
Project("{FAE04EC0-301F-11D3-BF4B-00C04F79EFBC}") = "Com.Xamtastic.Xamarin.Forms.CarouselView", "Com.Xamtastic.Xamarin.Forms.CarouselView\Com.Xamtastic.Xamarin.Forms.CarouselView.csproj", "{67F9D3A8-F71E-4428-913F-C37AE82CDB24}"
EndProject
Project("{FAE04EC0-301F-11D3-BF4B-00C04F79EFBC}") = "Com.Xamtastic.Xamarin.Andriod.CarouselView", "Com.Xamtastic.Xamarin.Andriod.CarouselView\Com.Xamtastic.Xamarin.Andriod.CarouselView.csproj", "{A192FAEA-4A33-4844-8668-95EFA5C670EF}"
EndProject
Project("{FAE04EC0-301F-11D3-BF4B-00C04F79EFBC}") = "CarouselPOC.UITest", "CarouselPOC.UITest\CarouselPOC.UITest.csproj", "{9B56E146-0D2A-4F68-BDFB-2CE3BC3321E3}"
EndProject
Project("{FAE04EC0-301F-11D3-BF4B-00C04F79EFBC}") = "CarouselPOC.Droid", "CarouselPOC\CarouselPOC.Droid\CarouselPOC.Droid.csproj", "{644E0636-6FC8-42FB-B82D-3F7AC118FDAD}"
EndProject
Global
	GlobalSection(SolutionConfigurationPlatforms) = preSolution
		Ad-Hoc|Any CPU = Ad-Hoc|Any CPU
		Ad-Hoc|iPhone = Ad-Hoc|iPhone
		Ad-Hoc|iPhoneSimulator = Ad-Hoc|iPhoneSimulator
		AppStore|Any CPU = AppStore|Any CPU
		AppStore|iPhone = AppStore|iPhone
		AppStore|iPhoneSimulator = AppStore|iPhoneSimulator
		Debug|Any CPU = Debug|Any CPU
		Debug|iPhone = Debug|iPhone
		Debug|iPhoneSimulator = Debug|iPhoneSimulator
		Release|Any CPU = Release|Any CPU
		Release|iPhone = Release|iPhone
		Release|iPhoneSimulator = Release|iPhoneSimulator
	EndGlobalSection
	GlobalSection(ProjectConfigurationPlatforms) = postSolution
		{384B5CF8-8ED2-4A19-AE74-ADFBEF8209DC}.Ad-Hoc|Any CPU.ActiveCfg = Ad-Hoc|iPhone
		{384B5CF8-8ED2-4A19-AE74-ADFBEF8209DC}.Ad-Hoc|iPhone.ActiveCfg = Ad-Hoc|iPhone
		{384B5CF8-8ED2-4A19-AE74-ADFBEF8209DC}.Ad-Hoc|iPhone.Build.0 = Ad-Hoc|iPhone
		{384B5CF8-8ED2-4A19-AE74-ADFBEF8209DC}.Ad-Hoc|iPhoneSimulator.ActiveCfg = Ad-Hoc|iPhoneSimulator
		{384B5CF8-8ED2-4A19-AE74-ADFBEF8209DC}.Ad-Hoc|iPhoneSimulator.Build.0 = Ad-Hoc|iPhoneSimulator
		{384B5CF8-8ED2-4A19-AE74-ADFBEF8209DC}.AppStore|Any CPU.ActiveCfg = AppStore|iPhone
		{384B5CF8-8ED2-4A19-AE74-ADFBEF8209DC}.AppStore|iPhone.ActiveCfg = AppStore|iPhone
		{384B5CF8-8ED2-4A19-AE74-ADFBEF8209DC}.AppStore|iPhone.Build.0 = AppStore|iPhone
		{384B5CF8-8ED2-4A19-AE74-ADFBEF8209DC}.AppStore|iPhoneSimulator.ActiveCfg = AppStore|iPhoneSimulator
		{384B5CF8-8ED2-4A19-AE74-ADFBEF8209DC}.AppStore|iPhoneSimulator.Build.0 = AppStore|iPhoneSimulator
		{384B5CF8-8ED2-4A19-AE74-ADFBEF8209DC}.Debug|Any CPU.ActiveCfg = Debug|iPhone
		{384B5CF8-8ED2-4A19-AE74-ADFBEF8209DC}.Debug|iPhone.ActiveCfg = Debug|iPhone
		{384B5CF8-8ED2-4A19-AE74-ADFBEF8209DC}.Debug|iPhone.Build.0 = Debug|iPhone
		{384B5CF8-8ED2-4A19-AE74-ADFBEF8209DC}.Debug|iPhoneSimulator.ActiveCfg = Debug|iPhoneSimulator
		{384B5CF8-8ED2-4A19-AE74-ADFBEF8209DC}.Debug|iPhoneSimulator.Build.0 = Debug|iPhoneSimulator
		{384B5CF8-8ED2-4A19-AE74-ADFBEF8209DC}.Release|Any CPU.ActiveCfg = Release|iPhone
		{384B5CF8-8ED2-4A19-AE74-ADFBEF8209DC}.Release|iPhone.ActiveCfg = Release|iPhone
		{384B5CF8-8ED2-4A19-AE74-ADFBEF8209DC}.Release|iPhone.Build.0 = Release|iPhone
		{384B5CF8-8ED2-4A19-AE74-ADFBEF8209DC}.Release|iPhoneSimulator.ActiveCfg = Release|iPhoneSimulator
		{384B5CF8-8ED2-4A19-AE74-ADFBEF8209DC}.Release|iPhoneSimulator.Build.0 = Release|iPhoneSimulator
		{2E01CE6B-9073-444E-BC85-D9376203F2CA}.Ad-Hoc|Any CPU.ActiveCfg = Release|Any CPU
		{2E01CE6B-9073-444E-BC85-D9376203F2CA}.Ad-Hoc|Any CPU.Build.0 = Release|Any CPU
		{2E01CE6B-9073-444E-BC85-D9376203F2CA}.Ad-Hoc|iPhone.ActiveCfg = Release|Any CPU
		{2E01CE6B-9073-444E-BC85-D9376203F2CA}.Ad-Hoc|iPhone.Build.0 = Release|Any CPU
		{2E01CE6B-9073-444E-BC85-D9376203F2CA}.Ad-Hoc|iPhoneSimulator.ActiveCfg = Release|Any CPU
		{2E01CE6B-9073-444E-BC85-D9376203F2CA}.Ad-Hoc|iPhoneSimulator.Build.0 = Release|Any CPU
		{2E01CE6B-9073-444E-BC85-D9376203F2CA}.AppStore|Any CPU.ActiveCfg = Release|Any CPU
		{2E01CE6B-9073-444E-BC85-D9376203F2CA}.AppStore|Any CPU.Build.0 = Release|Any CPU
		{2E01CE6B-9073-444E-BC85-D9376203F2CA}.AppStore|iPhone.ActiveCfg = Release|Any CPU
		{2E01CE6B-9073-444E-BC85-D9376203F2CA}.AppStore|iPhone.Build.0 = Release|Any CPU
		{2E01CE6B-9073-444E-BC85-D9376203F2CA}.AppStore|iPhoneSimulator.ActiveCfg = Release|Any CPU
		{2E01CE6B-9073-444E-BC85-D9376203F2CA}.AppStore|iPhoneSimulator.Build.0 = Release|Any CPU
		{2E01CE6B-9073-444E-BC85-D9376203F2CA}.Debug|Any CPU.ActiveCfg = Debug|Any CPU
		{2E01CE6B-9073-444E-BC85-D9376203F2CA}.Debug|Any CPU.Build.0 = Debug|Any CPU
		{2E01CE6B-9073-444E-BC85-D9376203F2CA}.Debug|iPhone.ActiveCfg = Debug|Any CPU
		{2E01CE6B-9073-444E-BC85-D9376203F2CA}.Debug|iPhone.Build.0 = Debug|Any CPU
		{2E01CE6B-9073-444E-BC85-D9376203F2CA}.Debug|iPhoneSimulator.ActiveCfg = Debug|Any CPU
		{2E01CE6B-9073-444E-BC85-D9376203F2CA}.Debug|iPhoneSimulator.Build.0 = Debug|Any CPU
		{2E01CE6B-9073-444E-BC85-D9376203F2CA}.Debug|iPhoneSimulator.Deploy.0 = Debug|Any CPU
		{2E01CE6B-9073-444E-BC85-D9376203F2CA}.Release|Any CPU.ActiveCfg = Release|Any CPU
		{2E01CE6B-9073-444E-BC85-D9376203F2CA}.Release|Any CPU.Build.0 = Release|Any CPU
		{2E01CE6B-9073-444E-BC85-D9376203F2CA}.Release|iPhone.ActiveCfg = Release|Any CPU
		{2E01CE6B-9073-444E-BC85-D9376203F2CA}.Release|iPhone.Build.0 = Release|Any CPU
		{2E01CE6B-9073-444E-BC85-D9376203F2CA}.Release|iPhoneSimulator.ActiveCfg = Release|Any CPU
		{2E01CE6B-9073-444E-BC85-D9376203F2CA}.Release|iPhoneSimulator.Build.0 = Release|Any CPU
		{67F9D3A8-F71E-4428-913F-C37AE82CDB24}.Ad-Hoc|Any CPU.ActiveCfg = Release|Any CPU
		{67F9D3A8-F71E-4428-913F-C37AE82CDB24}.Ad-Hoc|Any CPU.Build.0 = Release|Any CPU
		{67F9D3A8-F71E-4428-913F-C37AE82CDB24}.Ad-Hoc|iPhone.ActiveCfg = Release|Any CPU
		{67F9D3A8-F71E-4428-913F-C37AE82CDB24}.Ad-Hoc|iPhone.Build.0 = Release|Any CPU
		{67F9D3A8-F71E-4428-913F-C37AE82CDB24}.Ad-Hoc|iPhoneSimulator.ActiveCfg = Release|Any CPU
		{67F9D3A8-F71E-4428-913F-C37AE82CDB24}.Ad-Hoc|iPhoneSimulator.Build.0 = Release|Any CPU
		{67F9D3A8-F71E-4428-913F-C37AE82CDB24}.AppStore|Any CPU.ActiveCfg = Release|Any CPU
		{67F9D3A8-F71E-4428-913F-C37AE82CDB24}.AppStore|Any CPU.Build.0 = Release|Any CPU
		{67F9D3A8-F71E-4428-913F-C37AE82CDB24}.AppStore|iPhone.ActiveCfg = Release|Any CPU
		{67F9D3A8-F71E-4428-913F-C37AE82CDB24}.AppStore|iPhone.Build.0 = Release|Any CPU
		{67F9D3A8-F71E-4428-913F-C37AE82CDB24}.AppStore|iPhoneSimulator.ActiveCfg = Release|Any CPU
		{67F9D3A8-F71E-4428-913F-C37AE82CDB24}.AppStore|iPhoneSimulator.Build.0 = Release|Any CPU
		{67F9D3A8-F71E-4428-913F-C37AE82CDB24}.Debug|Any CPU.ActiveCfg = Debug|Any CPU
		{67F9D3A8-F71E-4428-913F-C37AE82CDB24}.Debug|Any CPU.Build.0 = Debug|Any CPU
		{67F9D3A8-F71E-4428-913F-C37AE82CDB24}.Debug|iPhone.ActiveCfg = Debug|Any CPU
		{67F9D3A8-F71E-4428-913F-C37AE82CDB24}.Debug|iPhone.Build.0 = Debug|Any CPU
		{67F9D3A8-F71E-4428-913F-C37AE82CDB24}.Debug|iPhoneSimulator.ActiveCfg = Debug|Any CPU
		{67F9D3A8-F71E-4428-913F-C37AE82CDB24}.Debug|iPhoneSimulator.Build.0 = Debug|Any CPU
		{67F9D3A8-F71E-4428-913F-C37AE82CDB24}.Release|Any CPU.ActiveCfg = Release|Any CPU
		{67F9D3A8-F71E-4428-913F-C37AE82CDB24}.Release|Any CPU.Build.0 = Release|Any CPU
		{67F9D3A8-F71E-4428-913F-C37AE82CDB24}.Release|iPhone.ActiveCfg = Release|Any CPU
		{67F9D3A8-F71E-4428-913F-C37AE82CDB24}.Release|iPhone.Build.0 = Release|Any CPU
		{67F9D3A8-F71E-4428-913F-C37AE82CDB24}.Release|iPhoneSimulator.ActiveCfg = Release|Any CPU
		{67F9D3A8-F71E-4428-913F-C37AE82CDB24}.Release|iPhoneSimulator.Build.0 = Release|Any CPU
		{A192FAEA-4A33-4844-8668-95EFA5C670EF}.Ad-Hoc|Any CPU.ActiveCfg = Release|Any CPU
		{A192FAEA-4A33-4844-8668-95EFA5C670EF}.Ad-Hoc|Any CPU.Build.0 = Release|Any CPU
		{A192FAEA-4A33-4844-8668-95EFA5C670EF}.Ad-Hoc|iPhone.ActiveCfg = Release|Any CPU
		{A192FAEA-4A33-4844-8668-95EFA5C670EF}.Ad-Hoc|iPhone.Build.0 = Release|Any CPU
		{A192FAEA-4A33-4844-8668-95EFA5C670EF}.Ad-Hoc|iPhoneSimulator.ActiveCfg = Release|Any CPU
		{A192FAEA-4A33-4844-8668-95EFA5C670EF}.Ad-Hoc|iPhoneSimulator.Build.0 = Release|Any CPU
		{A192FAEA-4A33-4844-8668-95EFA5C670EF}.AppStore|Any CPU.ActiveCfg = Release|Any CPU
		{A192FAEA-4A33-4844-8668-95EFA5C670EF}.AppStore|Any CPU.Build.0 = Release|Any CPU
		{A192FAEA-4A33-4844-8668-95EFA5C670EF}.AppStore|iPhone.ActiveCfg = Release|Any CPU
		{A192FAEA-4A33-4844-8668-95EFA5C670EF}.AppStore|iPhone.Build.0 = Release|Any CPU
		{A192FAEA-4A33-4844-8668-95EFA5C670EF}.AppStore|iPhoneSimulator.ActiveCfg = Release|Any CPU
		{A192FAEA-4A33-4844-8668-95EFA5C670EF}.AppStore|iPhoneSimulator.Build.0 = Release|Any CPU
		{A192FAEA-4A33-4844-8668-95EFA5C670EF}.Debug|Any CPU.ActiveCfg = Debug|Any CPU
		{A192FAEA-4A33-4844-8668-95EFA5C670EF}.Debug|Any CPU.Build.0 = Debug|Any CPU
		{A192FAEA-4A33-4844-8668-95EFA5C670EF}.Debug|iPhone.ActiveCfg = Debug|Any CPU
		{A192FAEA-4A33-4844-8668-95EFA5C670EF}.Debug|iPhone.Build.0 = Debug|Any CPU
		{A192FAEA-4A33-4844-8668-95EFA5C670EF}.Debug|iPhoneSimulator.ActiveCfg = Debug|Any CPU
		{A192FAEA-4A33-4844-8668-95EFA5C670EF}.Debug|iPhoneSimulator.Build.0 = Debug|Any CPU
		{A192FAEA-4A33-4844-8668-95EFA5C670EF}.Release|Any CPU.ActiveCfg = Release|Any CPU
		{A192FAEA-4A33-4844-8668-95EFA5C670EF}.Release|Any CPU.Build.0 = Release|Any CPU
		{A192FAEA-4A33-4844-8668-95EFA5C670EF}.Release|iPhone.ActiveCfg = Release|Any CPU
		{A192FAEA-4A33-4844-8668-95EFA5C670EF}.Release|iPhone.Build.0 = Release|Any CPU
		{A192FAEA-4A33-4844-8668-95EFA5C670EF}.Release|iPhoneSimulator.ActiveCfg = Release|Any CPU
		{A192FAEA-4A33-4844-8668-95EFA5C670EF}.Release|iPhoneSimulator.Build.0 = Release|Any CPU
		{9B56E146-0D2A-4F68-BDFB-2CE3BC3321E3}.Ad-Hoc|Any CPU.ActiveCfg = Release|Any CPU
		{9B56E146-0D2A-4F68-BDFB-2CE3BC3321E3}.Ad-Hoc|Any CPU.Build.0 = Release|Any CPU
		{9B56E146-0D2A-4F68-BDFB-2CE3BC3321E3}.Ad-Hoc|iPhone.ActiveCfg = Release|Any CPU
		{9B56E146-0D2A-4F68-BDFB-2CE3BC3321E3}.Ad-Hoc|iPhone.Build.0 = Release|Any CPU
		{9B56E146-0D2A-4F68-BDFB-2CE3BC3321E3}.Ad-Hoc|iPhoneSimulator.ActiveCfg = Release|Any CPU
		{9B56E146-0D2A-4F68-BDFB-2CE3BC3321E3}.Ad-Hoc|iPhoneSimulator.Build.0 = Release|Any CPU
		{9B56E146-0D2A-4F68-BDFB-2CE3BC3321E3}.AppStore|Any CPU.ActiveCfg = Release|Any CPU
		{9B56E146-0D2A-4F68-BDFB-2CE3BC3321E3}.AppStore|Any CPU.Build.0 = Release|Any CPU
		{9B56E146-0D2A-4F68-BDFB-2CE3BC3321E3}.AppStore|iPhone.ActiveCfg = Release|Any CPU
		{9B56E146-0D2A-4F68-BDFB-2CE3BC3321E3}.AppStore|iPhone.Build.0 = Release|Any CPU
		{9B56E146-0D2A-4F68-BDFB-2CE3BC3321E3}.AppStore|iPhoneSimulator.ActiveCfg = Release|Any CPU
		{9B56E146-0D2A-4F68-BDFB-2CE3BC3321E3}.AppStore|iPhoneSimulator.Build.0 = Release|Any CPU
		{9B56E146-0D2A-4F68-BDFB-2CE3BC3321E3}.Debug|Any CPU.ActiveCfg = Debug|Any CPU
		{9B56E146-0D2A-4F68-BDFB-2CE3BC3321E3}.Debug|Any CPU.Build.0 = Debug|Any CPU
		{9B56E146-0D2A-4F68-BDFB-2CE3BC3321E3}.Debug|iPhone.ActiveCfg = Debug|Any CPU
		{9B56E146-0D2A-4F68-BDFB-2CE3BC3321E3}.Debug|iPhone.Build.0 = Debug|Any CPU
		{9B56E146-0D2A-4F68-BDFB-2CE3BC3321E3}.Debug|iPhoneSimulator.ActiveCfg = Debug|Any CPU
		{9B56E146-0D2A-4F68-BDFB-2CE3BC3321E3}.Debug|iPhoneSimulator.Build.0 = Debug|Any CPU
		{9B56E146-0D2A-4F68-BDFB-2CE3BC3321E3}.Release|Any CPU.ActiveCfg = Release|Any CPU
		{9B56E146-0D2A-4F68-BDFB-2CE3BC3321E3}.Release|Any CPU.Build.0 = Release|Any CPU
		{9B56E146-0D2A-4F68-BDFB-2CE3BC3321E3}.Release|iPhone.ActiveCfg = Release|Any CPU
		{9B56E146-0D2A-4F68-BDFB-2CE3BC3321E3}.Release|iPhone.Build.0 = Release|Any CPU
		{9B56E146-0D2A-4F68-BDFB-2CE3BC3321E3}.Release|iPhoneSimulator.ActiveCfg = Release|Any CPU
		{9B56E146-0D2A-4F68-BDFB-2CE3BC3321E3}.Release|iPhoneSimulator.Build.0 = Release|Any CPU
		{644E0636-6FC8-42FB-B82D-3F7AC118FDAD}.Ad-Hoc|Any CPU.ActiveCfg = Release|Any CPU
		{644E0636-6FC8-42FB-B82D-3F7AC118FDAD}.Ad-Hoc|Any CPU.Build.0 = Release|Any CPU
		{644E0636-6FC8-42FB-B82D-3F7AC118FDAD}.Ad-Hoc|Any CPU.Deploy.0 = Release|Any CPU
		{644E0636-6FC8-42FB-B82D-3F7AC118FDAD}.Ad-Hoc|iPhone.ActiveCfg = Release|Any CPU
		{644E0636-6FC8-42FB-B82D-3F7AC118FDAD}.Ad-Hoc|iPhone.Build.0 = Release|Any CPU
		{644E0636-6FC8-42FB-B82D-3F7AC118FDAD}.Ad-Hoc|iPhone.Deploy.0 = Release|Any CPU
		{644E0636-6FC8-42FB-B82D-3F7AC118FDAD}.Ad-Hoc|iPhoneSimulator.ActiveCfg = Release|Any CPU
		{644E0636-6FC8-42FB-B82D-3F7AC118FDAD}.Ad-Hoc|iPhoneSimulator.Build.0 = Release|Any CPU
		{644E0636-6FC8-42FB-B82D-3F7AC118FDAD}.Ad-Hoc|iPhoneSimulator.Deploy.0 = Release|Any CPU
		{644E0636-6FC8-42FB-B82D-3F7AC118FDAD}.AppStore|Any CPU.ActiveCfg = Release|Any CPU
		{644E0636-6FC8-42FB-B82D-3F7AC118FDAD}.AppStore|Any CPU.Build.0 = Release|Any CPU
		{644E0636-6FC8-42FB-B82D-3F7AC118FDAD}.AppStore|Any CPU.Deploy.0 = Release|Any CPU
		{644E0636-6FC8-42FB-B82D-3F7AC118FDAD}.AppStore|iPhone.ActiveCfg = Release|Any CPU
		{644E0636-6FC8-42FB-B82D-3F7AC118FDAD}.AppStore|iPhone.Build.0 = Release|Any CPU
		{644E0636-6FC8-42FB-B82D-3F7AC118FDAD}.AppStore|iPhone.Deploy.0 = Release|Any CPU
		{644E0636-6FC8-42FB-B82D-3F7AC118FDAD}.AppStore|iPhoneSimulator.ActiveCfg = Release|Any CPU
		{644E0636-6FC8-42FB-B82D-3F7AC118FDAD}.AppStore|iPhoneSimulator.Build.0 = Release|Any CPU
		{644E0636-6FC8-42FB-B82D-3F7AC118FDAD}.AppStore|iPhoneSimulator.Deploy.0 = Release|Any CPU
		{644E0636-6FC8-42FB-B82D-3F7AC118FDAD}.Debug|Any CPU.ActiveCfg = Debug|Any CPU
		{644E0636-6FC8-42FB-B82D-3F7AC118FDAD}.Debug|Any CPU.Build.0 = Debug|Any CPU
		{644E0636-6FC8-42FB-B82D-3F7AC118FDAD}.Debug|Any CPU.Deploy.0 = Debug|Any CPU
		{644E0636-6FC8-42FB-B82D-3F7AC118FDAD}.Debug|iPhone.ActiveCfg = Debug|Any CPU
		{644E0636-6FC8-42FB-B82D-3F7AC118FDAD}.Debug|iPhone.Build.0 = Debug|Any CPU
		{644E0636-6FC8-42FB-B82D-3F7AC118FDAD}.Debug|iPhone.Deploy.0 = Debug|Any CPU
		{644E0636-6FC8-42FB-B82D-3F7AC118FDAD}.Debug|iPhoneSimulator.ActiveCfg = Debug|Any CPU
		{644E0636-6FC8-42FB-B82D-3F7AC118FDAD}.Debug|iPhoneSimulator.Build.0 = Debug|Any CPU
		{644E0636-6FC8-42FB-B82D-3F7AC118FDAD}.Debug|iPhoneSimulator.Deploy.0 = Debug|Any CPU
		{644E0636-6FC8-42FB-B82D-3F7AC118FDAD}.Release|Any CPU.ActiveCfg = Release|Any CPU
		{644E0636-6FC8-42FB-B82D-3F7AC118FDAD}.Release|Any CPU.Build.0 = Release|Any CPU
		{644E0636-6FC8-42FB-B82D-3F7AC118FDAD}.Release|Any CPU.Deploy.0 = Release|Any CPU
		{644E0636-6FC8-42FB-B82D-3F7AC118FDAD}.Release|iPhone.ActiveCfg = Release|Any CPU
		{644E0636-6FC8-42FB-B82D-3F7AC118FDAD}.Release|iPhone.Build.0 = Release|Any CPU
		{644E0636-6FC8-42FB-B82D-3F7AC118FDAD}.Release|iPhone.Deploy.0 = Release|Any CPU
		{644E0636-6FC8-42FB-B82D-3F7AC118FDAD}.Release|iPhoneSimulator.ActiveCfg = Release|Any CPU
		{644E0636-6FC8-42FB-B82D-3F7AC118FDAD}.Release|iPhoneSimulator.Build.0 = Release|Any CPU
		{644E0636-6FC8-42FB-B82D-3F7AC118FDAD}.Release|iPhoneSimulator.Deploy.0 = Release|Any CPU
	EndGlobalSection
	GlobalSection(SolutionProperties) = preSolution
		HideSolutionNode = FALSE
	EndGlobalSection
EndGlobal
